
Microsoft Visual Studio Solution File, Format Version 12.00
# Visual Studio Version 17
VisualStudioVersion = 17.2.32616.157
MinimumVisualStudioVersion = 10.0.40219.1
Project("{9A19103F-16F7-4668-BE54-9A1E7A4F7556}") = "ShiftEntity.Core", "ShiftEntity.Core\ShiftEntity.Core.csproj", "{54831263-BB89-4B57-9F19-AD7376455420}"
EndProject
Project("{9A19103F-16F7-4668-BE54-9A1E7A4F7556}") = "ShiftEntity.Web", "ShiftEntity.Web\ShiftEntity.Web.csproj", "{4021AECE-7F1A-4302-B01A-BA1A6E85AB47}"
EndProject
Project("{9A19103F-16F7-4668-BE54-9A1E7A4F7556}") = "ShiftEntity.Model", "ShiftEntity.Model\ShiftEntity.Model.csproj", "{F7361EAD-67D4-4BFE-8759-02EE3EB61722}"
EndProject
Project("{FAE04EC0-301F-11D3-BF4B-00C04F79EFBC}") = "ShiftEntity.EFCore", "ShiftEntity.EFCore\ShiftEntity.EFCore.csproj", "{88986FBD-11D9-4B1F-A7A8-3C8DE132E5C1}"
EndProject
Global
	GlobalSection(SolutionConfigurationPlatforms) = preSolution
		Debug|Any CPU = Debug|Any CPU
		Release|Any CPU = Release|Any CPU
	EndGlobalSection
	GlobalSection(ProjectConfigurationPlatforms) = postSolution
		{54831263-BB89-4B57-9F19-AD7376455420}.Debug|Any CPU.ActiveCfg = Debug|Any CPU
		{54831263-BB89-4B57-9F19-AD7376455420}.Debug|Any CPU.Build.0 = Debug|Any CPU
		{54831263-BB89-4B57-9F19-AD7376455420}.Release|Any CPU.ActiveCfg = Release|Any CPU
		{54831263-BB89-4B57-9F19-AD7376455420}.Release|Any CPU.Build.0 = Release|Any CPU
		{4021AECE-7F1A-4302-B01A-BA1A6E85AB47}.Debug|Any CPU.ActiveCfg = Debug|Any CPU
		{4021AECE-7F1A-4302-B01A-BA1A6E85AB47}.Debug|Any CPU.Build.0 = Debug|Any CPU
		{4021AECE-7F1A-4302-B01A-BA1A6E85AB47}.Release|Any CPU.ActiveCfg = Release|Any CPU
		{4021AECE-7F1A-4302-B01A-BA1A6E85AB47}.Release|Any CPU.Build.0 = Release|Any CPU
		{F7361EAD-67D4-4BFE-8759-02EE3EB61722}.Debug|Any CPU.ActiveCfg = Debug|Any CPU
		{F7361EAD-67D4-4BFE-8759-02EE3EB61722}.Debug|Any CPU.Build.0 = Debug|Any CPU
		{F7361EAD-67D4-4BFE-8759-02EE3EB61722}.Release|Any CPU.ActiveCfg = Release|Any CPU
		{F7361EAD-67D4-4BFE-8759-02EE3EB61722}.Release|Any CPU.Build.0 = Release|Any CPU
		{88986FBD-11D9-4B1F-A7A8-3C8DE132E5C1}.Debug|Any CPU.ActiveCfg = Debug|Any CPU
		{88986FBD-11D9-4B1F-A7A8-3C8DE132E5C1}.Debug|Any CPU.Build.0 = Debug|Any CPU
		{88986FBD-11D9-4B1F-A7A8-3C8DE132E5C1}.Release|Any CPU.ActiveCfg = Release|Any CPU
		{88986FBD-11D9-4B1F-A7A8-3C8DE132E5C1}.Release|Any CPU.Build.0 = Release|Any CPU
	EndGlobalSection
	GlobalSection(SolutionProperties) = preSolution
		HideSolutionNode = FALSE
	EndGlobalSection
	GlobalSection(ExtensibilityGlobals) = postSolution
		SolutionGuid = {E8FA8CE2-4191-4612-A278-1F7C4DB129FD}
	EndGlobalSection
EndGlobal
