
Microsoft Visual Studio Solution File, Format Version 12.00
# Visual Studio Version 17
VisualStudioVersion = 17.2.32616.157
MinimumVisualStudioVersion = 10.0.40219.1
Project("{9A19103F-16F7-4668-BE54-9A1E7A4F7556}") = "ShiftEntity.Core", "ShiftEntity.Core\ShiftEntity.Core.csproj", "{54831263-BB89-4B57-9F19-AD7376455420}"
EndProject
Project("{9A19103F-16F7-4668-BE54-9A1E7A4F7556}") = "ShiftEntity.Web", "ShiftEntity.Web\ShiftEntity.Web.csproj", "{4021AECE-7F1A-4302-B01A-BA1A6E85AB47}"
EndProject
Project("{9A19103F-16F7-4668-BE54-9A1E7A4F7556}") = "ShiftEntity.Model", "ShiftEntity.Model\ShiftEntity.Model.csproj", "{F7361EAD-67D4-4BFE-8759-02EE3EB61722}"
EndProject
Project("{9A19103F-16F7-4668-BE54-9A1E7A4F7556}") = "ShiftEntity.EFCore", "ShiftEntity.EFCore\ShiftEntity.EFCore.csproj", "{88986FBD-11D9-4B1F-A7A8-3C8DE132E5C1}"
EndProject
Project("{9A19103F-16F7-4668-BE54-9A1E7A4F7556}") = "ShiftEntity.CosmosDbReplication", "ShiftEntity.CosmosDbReplication\ShiftEntity.CosmosDbReplication.csproj", "{F6A8AE1C-6F0F-4404-8487-A2F7D15C014C}"
EndProject
Project("{FAE04EC0-301F-11D3-BF4B-00C04F79EFBC}") = "ShiftEntity.VSIX.Template", "ShiftEntity.VSIX.Template\ShiftEntity.VSIX.Template.csproj", "{5A03F7EE-29E6-44E2-8A81-FF472974571E}"
EndProject
Project("{2150E333-8FDC-42A3-9474-1A3956D46DE8}") = "Pipeline Template", "Pipeline Template", "{0C219210-F2B6-4B96-BD02-C38229A07531}"
	ProjectSection(SolutionItems) = preProject
		Pipeline Template\pipeline-template.yml = Pipeline Template\pipeline-template.yml
	EndProjectSection
EndProject
Project("{FAE04EC0-301F-11D3-BF4B-00C04F79EFBC}") = "ShiftEntity.Print", "ShiftEntity.Print\ShiftEntity.Print.csproj", "{371083F4-5F4A-466B-ADB6-F276320F2270}"
EndProject
Global
	GlobalSection(SolutionConfigurationPlatforms) = preSolution
		Debug|Any CPU = Debug|Any CPU
		Debug|arm64 = Debug|arm64
		Debug|x86 = Debug|x86
		Release|Any CPU = Release|Any CPU
		Release|arm64 = Release|arm64
		Release|x86 = Release|x86
	EndGlobalSection
	GlobalSection(ProjectConfigurationPlatforms) = postSolution
		{54831263-BB89-4B57-9F19-AD7376455420}.Debug|Any CPU.ActiveCfg = Debug|Any CPU
		{54831263-BB89-4B57-9F19-AD7376455420}.Debug|Any CPU.Build.0 = Debug|Any CPU
		{54831263-BB89-4B57-9F19-AD7376455420}.Debug|arm64.ActiveCfg = Debug|Any CPU
		{54831263-BB89-4B57-9F19-AD7376455420}.Debug|arm64.Build.0 = Debug|Any CPU
		{54831263-BB89-4B57-9F19-AD7376455420}.Debug|x86.ActiveCfg = Debug|Any CPU
		{54831263-BB89-4B57-9F19-AD7376455420}.Debug|x86.Build.0 = Debug|Any CPU
		{54831263-BB89-4B57-9F19-AD7376455420}.Release|Any CPU.ActiveCfg = Release|Any CPU
		{54831263-BB89-4B57-9F19-AD7376455420}.Release|Any CPU.Build.0 = Release|Any CPU
		{54831263-BB89-4B57-9F19-AD7376455420}.Release|arm64.ActiveCfg = Release|Any CPU
		{54831263-BB89-4B57-9F19-AD7376455420}.Release|arm64.Build.0 = Release|Any CPU
		{54831263-BB89-4B57-9F19-AD7376455420}.Release|x86.ActiveCfg = Release|Any CPU
		{54831263-BB89-4B57-9F19-AD7376455420}.Release|x86.Build.0 = Release|Any CPU
		{4021AECE-7F1A-4302-B01A-BA1A6E85AB47}.Debug|Any CPU.ActiveCfg = Debug|Any CPU
		{4021AECE-7F1A-4302-B01A-BA1A6E85AB47}.Debug|Any CPU.Build.0 = Debug|Any CPU
		{4021AECE-7F1A-4302-B01A-BA1A6E85AB47}.Debug|arm64.ActiveCfg = Debug|Any CPU
		{4021AECE-7F1A-4302-B01A-BA1A6E85AB47}.Debug|arm64.Build.0 = Debug|Any CPU
		{4021AECE-7F1A-4302-B01A-BA1A6E85AB47}.Debug|x86.ActiveCfg = Debug|Any CPU
		{4021AECE-7F1A-4302-B01A-BA1A6E85AB47}.Debug|x86.Build.0 = Debug|Any CPU
		{4021AECE-7F1A-4302-B01A-BA1A6E85AB47}.Release|Any CPU.ActiveCfg = Release|Any CPU
		{4021AECE-7F1A-4302-B01A-BA1A6E85AB47}.Release|Any CPU.Build.0 = Release|Any CPU
		{4021AECE-7F1A-4302-B01A-BA1A6E85AB47}.Release|arm64.ActiveCfg = Release|Any CPU
		{4021AECE-7F1A-4302-B01A-BA1A6E85AB47}.Release|arm64.Build.0 = Release|Any CPU
		{4021AECE-7F1A-4302-B01A-BA1A6E85AB47}.Release|x86.ActiveCfg = Release|Any CPU
		{4021AECE-7F1A-4302-B01A-BA1A6E85AB47}.Release|x86.Build.0 = Release|Any CPU
		{F7361EAD-67D4-4BFE-8759-02EE3EB61722}.Debug|Any CPU.ActiveCfg = Debug|Any CPU
		{F7361EAD-67D4-4BFE-8759-02EE3EB61722}.Debug|Any CPU.Build.0 = Debug|Any CPU
		{F7361EAD-67D4-4BFE-8759-02EE3EB61722}.Debug|arm64.ActiveCfg = Debug|Any CPU
		{F7361EAD-67D4-4BFE-8759-02EE3EB61722}.Debug|arm64.Build.0 = Debug|Any CPU
		{F7361EAD-67D4-4BFE-8759-02EE3EB61722}.Debug|x86.ActiveCfg = Debug|Any CPU
		{F7361EAD-67D4-4BFE-8759-02EE3EB61722}.Debug|x86.Build.0 = Debug|Any CPU
		{F7361EAD-67D4-4BFE-8759-02EE3EB61722}.Release|Any CPU.ActiveCfg = Release|Any CPU
		{F7361EAD-67D4-4BFE-8759-02EE3EB61722}.Release|Any CPU.Build.0 = Release|Any CPU
		{F7361EAD-67D4-4BFE-8759-02EE3EB61722}.Release|arm64.ActiveCfg = Release|Any CPU
		{F7361EAD-67D4-4BFE-8759-02EE3EB61722}.Release|arm64.Build.0 = Release|Any CPU
		{F7361EAD-67D4-4BFE-8759-02EE3EB61722}.Release|x86.ActiveCfg = Release|Any CPU
		{F7361EAD-67D4-4BFE-8759-02EE3EB61722}.Release|x86.Build.0 = Release|Any CPU
		{88986FBD-11D9-4B1F-A7A8-3C8DE132E5C1}.Debug|Any CPU.ActiveCfg = Debug|Any CPU
		{88986FBD-11D9-4B1F-A7A8-3C8DE132E5C1}.Debug|Any CPU.Build.0 = Debug|Any CPU
		{88986FBD-11D9-4B1F-A7A8-3C8DE132E5C1}.Debug|arm64.ActiveCfg = Debug|Any CPU
		{88986FBD-11D9-4B1F-A7A8-3C8DE132E5C1}.Debug|arm64.Build.0 = Debug|Any CPU
		{88986FBD-11D9-4B1F-A7A8-3C8DE132E5C1}.Debug|x86.ActiveCfg = Debug|Any CPU
		{88986FBD-11D9-4B1F-A7A8-3C8DE132E5C1}.Debug|x86.Build.0 = Debug|Any CPU
		{88986FBD-11D9-4B1F-A7A8-3C8DE132E5C1}.Release|Any CPU.ActiveCfg = Release|Any CPU
		{88986FBD-11D9-4B1F-A7A8-3C8DE132E5C1}.Release|Any CPU.Build.0 = Release|Any CPU
		{88986FBD-11D9-4B1F-A7A8-3C8DE132E5C1}.Release|arm64.ActiveCfg = Release|Any CPU
		{88986FBD-11D9-4B1F-A7A8-3C8DE132E5C1}.Release|arm64.Build.0 = Release|Any CPU
		{88986FBD-11D9-4B1F-A7A8-3C8DE132E5C1}.Release|x86.ActiveCfg = Release|Any CPU
		{88986FBD-11D9-4B1F-A7A8-3C8DE132E5C1}.Release|x86.Build.0 = Release|Any CPU
		{F6A8AE1C-6F0F-4404-8487-A2F7D15C014C}.Debug|Any CPU.ActiveCfg = Debug|Any CPU
		{F6A8AE1C-6F0F-4404-8487-A2F7D15C014C}.Debug|Any CPU.Build.0 = Debug|Any CPU
		{F6A8AE1C-6F0F-4404-8487-A2F7D15C014C}.Debug|arm64.ActiveCfg = Debug|Any CPU
		{F6A8AE1C-6F0F-4404-8487-A2F7D15C014C}.Debug|arm64.Build.0 = Debug|Any CPU
		{F6A8AE1C-6F0F-4404-8487-A2F7D15C014C}.Debug|x86.ActiveCfg = Debug|Any CPU
		{F6A8AE1C-6F0F-4404-8487-A2F7D15C014C}.Debug|x86.Build.0 = Debug|Any CPU
		{F6A8AE1C-6F0F-4404-8487-A2F7D15C014C}.Release|Any CPU.ActiveCfg = Release|Any CPU
		{F6A8AE1C-6F0F-4404-8487-A2F7D15C014C}.Release|Any CPU.Build.0 = Release|Any CPU
		{F6A8AE1C-6F0F-4404-8487-A2F7D15C014C}.Release|arm64.ActiveCfg = Release|Any CPU
		{F6A8AE1C-6F0F-4404-8487-A2F7D15C014C}.Release|arm64.Build.0 = Release|Any CPU
		{F6A8AE1C-6F0F-4404-8487-A2F7D15C014C}.Release|x86.ActiveCfg = Release|Any CPU
		{F6A8AE1C-6F0F-4404-8487-A2F7D15C014C}.Release|x86.Build.0 = Release|Any CPU
		{5A03F7EE-29E6-44E2-8A81-FF472974571E}.Debug|Any CPU.ActiveCfg = Debug|Any CPU
		{5A03F7EE-29E6-44E2-8A81-FF472974571E}.Debug|Any CPU.Build.0 = Debug|Any CPU
		{5A03F7EE-29E6-44E2-8A81-FF472974571E}.Debug|arm64.ActiveCfg = Debug|arm64
		{5A03F7EE-29E6-44E2-8A81-FF472974571E}.Debug|arm64.Build.0 = Debug|arm64
		{5A03F7EE-29E6-44E2-8A81-FF472974571E}.Debug|x86.ActiveCfg = Debug|x86
		{5A03F7EE-29E6-44E2-8A81-FF472974571E}.Debug|x86.Build.0 = Debug|x86
		{5A03F7EE-29E6-44E2-8A81-FF472974571E}.Release|Any CPU.ActiveCfg = Release|Any CPU
		{5A03F7EE-29E6-44E2-8A81-FF472974571E}.Release|Any CPU.Build.0 = Release|Any CPU
		{5A03F7EE-29E6-44E2-8A81-FF472974571E}.Release|arm64.ActiveCfg = Release|arm64
		{5A03F7EE-29E6-44E2-8A81-FF472974571E}.Release|arm64.Build.0 = Release|arm64
		{5A03F7EE-29E6-44E2-8A81-FF472974571E}.Release|x86.ActiveCfg = Release|x86
		{5A03F7EE-29E6-44E2-8A81-FF472974571E}.Release|x86.Build.0 = Release|x86
		{371083F4-5F4A-466B-ADB6-F276320F2270}.Debug|Any CPU.ActiveCfg = Debug|Any CPU
		{371083F4-5F4A-466B-ADB6-F276320F2270}.Debug|Any CPU.Build.0 = Debug|Any CPU
		{371083F4-5F4A-466B-ADB6-F276320F2270}.Debug|arm64.ActiveCfg = Debug|Any CPU
		{371083F4-5F4A-466B-ADB6-F276320F2270}.Debug|arm64.Build.0 = Debug|Any CPU
		{371083F4-5F4A-466B-ADB6-F276320F2270}.Debug|x86.ActiveCfg = Debug|Any CPU
		{371083F4-5F4A-466B-ADB6-F276320F2270}.Debug|x86.Build.0 = Debug|Any CPU
		{371083F4-5F4A-466B-ADB6-F276320F2270}.Release|Any CPU.ActiveCfg = Release|Any CPU
		{371083F4-5F4A-466B-ADB6-F276320F2270}.Release|Any CPU.Build.0 = Release|Any CPU
		{371083F4-5F4A-466B-ADB6-F276320F2270}.Release|arm64.ActiveCfg = Release|Any CPU
		{371083F4-5F4A-466B-ADB6-F276320F2270}.Release|arm64.Build.0 = Release|Any CPU
		{371083F4-5F4A-466B-ADB6-F276320F2270}.Release|x86.ActiveCfg = Release|Any CPU
		{371083F4-5F4A-466B-ADB6-F276320F2270}.Release|x86.Build.0 = Release|Any CPU
	EndGlobalSection
	GlobalSection(SolutionProperties) = preSolution
		HideSolutionNode = FALSE
	EndGlobalSection
	GlobalSection(ExtensibilityGlobals) = postSolution
		SolutionGuid = {E8FA8CE2-4191-4612-A278-1F7C4DB129FD}
	EndGlobalSection
EndGlobal
